# THIS IS AN AUTOGENERATED FILE. DO NOT EDIT THIS FILE DIRECTLY.
# yarn lockfile v1


typesafe-actions@^2.0.4:
  version "2.0.4"
  resolved "https://registry.yarnpkg.com/typesafe-actions/-/typesafe-actions-2.0.4.tgz#31c8f8df3566d549eb52edb64a75997e970c17d0"
  integrity sha512-3qnSDBNtH3mfekmM9w/IVlsqiUT4I5m+mpLp5tV2Ua/28BfaehqUg6eQNC8+cTk+oufbXcubLiWvKS/61qgleQ==
